{
  "version": 4,
  "terraform_version": "0.14.3",
  "serial": 1,
  "lineage": "3bd3ccc5-7581-216d-7223-0b6e1743239d",
  "outputs": {},
  "resources": [
    {
      "mode": "managed",
      "type": "aws_vpc",
      "name": "aws",
      "provider": "provider[\"registry.terraform.io/hashicorp/aws\"]",
      "instances": [
        {
          "schema_version": 1,
          "attributes": {
            "arn": "arn:aws:ec2:us-east-1:495067197124:vpc/vpc-0812499b063804765",
            "assign_generated_ipv6_cidr_block": false,
            "cidr_block": "10.0.0.0/16",
            "default_network_acl_id": "acl-01d6ef9414772a393",
            "default_route_table_id": "rtb-0eae640fbf2dcef71",
            "default_security_group_id": "sg-05fe03731b90fd189",
            "dhcp_options_id": "dopt-39a93243",
            "enable_classiclink": false,
            "enable_classiclink_dns_support": false,
            "enable_dns_hostnames": false,
            "enable_dns_support": true,
            "id": "vpc-0812499b063804765",
            "instance_tenancy": "default",
            "ipv6_association_id": "",
            "ipv6_cidr_block": "",
            "main_route_table_id": "rtb-0eae640fbf2dcef71",
            "owner_id": "495067197124",
            "tags": {
              "Environment": "QA",
              "Name": "Demo",
              "Terraformed": "True"
            }
          },
          "sensitive_attributes": [],
          "private": "eyJzY2hlbWFfdmVyc2lvbiI6IjEifQ=="
        }
      ]
    }
  ]
}
